github.com/davecgh/go-spew v1.1.1 h1:vj9j/u1bqnvCEfJOwUhtlOARqs3+rkHYY13jYWTU97c=
github.com/davecgh/go-spew v1.1.1/go.mod h1:J7Y8YcW2NihsgmVo/mv3lAwl/skON4iLHjSsI+c5H38=
github.com/golang-auth/go-gssapi-c v0.0.0-20241219115737-a8749979d224 h1:CG3XBjiYzNV3KinTxZj5lvOpDHelxIoZsYo46KcUchE=
github.com/golang-auth/go-gssapi-c v0.0.0-20241219115737-a8749979d224/go.mod h1:CEfoM233v3NuIUfUjpqkxj+JxFLJ80Rr39Sji2LNYUg=
github.com/golang-auth/go-gssapi-c v0.0.4 h1:4A/NAOC7y6MHicSyAlx56/h2p+W6/OuLA+NW88d/PXo=
github.com/golang-auth/go-gssapi-c v0.0.4/go.mod h1:J6KkAZr0EjDzD4hW42LfspXhBFzzmxU0sjdyKgPQ9OQ=
github.com/golang-auth/go-gssapi-c v0.0.5 h1:yzxbludHe8wY/scDiqmxkiMbJ9S+12x2U3zaztJ05Z8=
github.com/golang-auth/go-gssapi-c v0.0.5/go.mod h1:954aNWZhA9UCkNotnufTDqGs6qopH+8YzDRyCTdhxcE=
github.com/golang-auth/go-gssapi/v3 v3.0.0-alpha.2 h1:M2Mv5MUCx8TiSlVlbkcEGDNxDtyaEFVMoaAEQ7WXvQM=
github.com/golang-auth/go-gssapi/v3 v3.0.0-alpha.2/go.mod h1:xNotWZQDADAqcBR4A7AKn+p4tSxQE4m6KA06J41U0cY=
github.com/golang-auth/go-gssapi/v3 v3.0.0-beta2 h1:zWwmsL5VnVit3Y3ZAc3KZ1W9umVPEAzBNPo97bqPnSU=
github.com/golang-auth/go-gssapi/v3 v3.0.0-beta2/go.mod h1:vHVvRIi6WZRK33JcFcXknTNbgLf8lVp4TvF/A42ofKM=
github.com/pmezard/go-difflib v1.0.0 h1:4DBwDE0NGyQoBHbLQYPwSUPoCMWR5BEzIk/f1lZbAQM=
github.com/pmezard/go-difflib v1.0.0/go.mod h1:iKH77koFhYxTK1pcRnkKkqfTogsbg7gZNVY4sRDYZ/4=
github.com/stretchr/testify v1.9.0 h1:HtqpIVDClZ4nwg75+f6Lvsy/wHu+3BoSGCbBAcpTsTg=
github.com/stretchr/testify v1.9.0/go.mod h1:r2ic/lqez/lEtzL7wO/rwa5dbSLXVDPFyf8C91i36aY=
gopkg.in/yaml.v3 v3.0.1 h1:fxVm/GzAzEWqLHuvctI91KS9hhNmmWOoWu0XTYJS7CA=
gopkg.in/yaml.v3 v3.0.1/go.mod h1:K4uyk7z7BCEPqu6E+C64Yfv1cQ7kz7rIZviUmN+EgEM=
